{
  "name": "markdownparserbyartemius",
  "version": "1.0.0",
  "lockfileVersion": 3,
  "requires": true,
  "packages": {
    "": {
      "name": "markdownparserbyartemius",
      "version": "1.0.0",
      "license": "MIT",
      "dependencies": {
        "imageprocessingbyartemius": "^1.0.0"
      }
    },
    "node_modules/imageprocessingbyartemius": {
      "version": "1.0.0",
      "resolved": "https://registry.npmjs.org/imageprocessingbyartemius/-/imageprocessingbyartemius-1.0.0.tgz",
      "integrity": "sha512-8MiyCcLxBONYbe4LnseAKHH7t6AYl2cq3/Qt5ya+rIPbnmPp7ucIfx9GVwlSPNuYkVHKbsxOONdzyW1nJLuxsw=="
    }
  }
}
